github.com/aws/aws-sdk-go-v2 v1.36.2 h1:Ub6I4lq/71+tPb/atswvToaLGVMxKZvjYDVOWEExOcU=
github.com/aws/aws-sdk-go-v2 v1.36.2/go.mod h1:LLXuLpgzEbD766Z5ECcRmi8AzSwfZItDtmABVkRLGzg=
github.com/aws/aws-sdk-go-v2/internal/configsources v1.3.33 h1:knLyPMw3r3JsU8MFHWctE4/e2qWbPaxDYLlohPvnY8c=
github.com/aws/aws-sdk-go-v2/internal/configsources v1.3.33/go.mod h1:EBp2HQ3f+XCB+5J+IoEbGhoV7CpJbnrsd4asNXmTL0A=
github.com/aws/aws-sdk-go-v2/internal/endpoints/v2 v2.6.33 h1:K0+Ne08zqti8J9jwENxZ5NoUyBnaFDTu3apwQJWrwwA=
github.com/aws/aws-sdk-go-v2/internal/endpoints/v2 v2.6.33/go.mod h1:K97stwwzaWzmqxO8yLGHhClbVW1tC6VT1pDLk1pGrq4=
github.com/aws/smithy-go v1.22.2 h1:6D9hW43xKFrRx/tXXfAlIZc4JI+yQe6snnWcQyxSyLQ=
github.com/aws/smithy-go v1.22.2/go.mod h1:irrKGvNn1InZwb2d7fkIRNucdfwR8R+Ts3wxYa/cJHg=
