# This file is autogenerated, do not edit; changes may be undone by the next 'dep ensure'.


[[projects]]
  name = "github.com/Azure/go-ansiterm"
  packages = [".","winterm"]
  revision = "fa152c58bc15761d0200cb75fe958b89a9d4888e"

[[projects]]
  name = "github.com/Microsoft/go-winio"
  packages = ["."]
  revision = "562bb09f6612d9a4e91597184709d1cdba95af93"
  version = "v0.3.6"

[[projects]]
  name = "github.com/Sirupsen/logrus"
  packages = ["."]
  revision = "3ec0642a7fb6488f65b06f9040adc67e3990296a"

[[projects]]
  name = "github.com/aws/aws-sdk-go"
  packages = ["aws","aws/arn","aws/awserr","aws/awsutil","aws/client","aws/client/metadata","aws/corehandlers","aws/credentials","aws/credentials/ec2rolecreds","aws/credentials/endpointcreds","aws/credentials/stscreds","aws/defaults","aws/ec2metadata","aws/endpoints","aws/request","aws/session","aws/signer/v4","internal/shareddefaults","private/model/api","private/protocol","private/protocol/json/jsonutil","private/protocol/jsonrpc","private/protocol/query","private/protocol/query/queryutil","private/protocol/rest","private/protocol/xml/xmlutil","private/util","service/cloudwatch","service/cloudwatchlogs","service/iam","service/sts"]
  revision = "5f216d3a320b04771edb3f39e9e063603551423a"
  version = "v1.10.30"

[[projects]]
  name = "github.com/cihub/seelog"
  packages = ["."]
  revision = "0fa7e41d2b9600ca6b7e1592478124e4f800f724"

[[projects]]
  name = "github.com/containerd/cgroups"
  packages = ["."]
  revision = "c3fc2b77b568af2406f3931cf3d3f17d76736886"

[[projects]]
  name = "github.com/containernetworking/cni"
  packages = ["libcni","pkg/invoke","pkg/types","pkg/types/020","pkg/types/current","pkg/version"]
  revision = "137b4975ecab6e1f0c24c1e3c228a50a3cfba75e"
  version = "v0.5.2"

[[projects]]
  name = "github.com/coreos/go-systemd"
  packages = ["dbus"]
  revision = "24036eb3df68550d24a2736c5d013f4e83366866"

[[projects]]
  name = "github.com/davecgh/go-spew"
  packages = ["spew"]
  revision = "6d212800a42e8ab5c146b8ace3490ee17e5225f9"

[[projects]]
  name = "github.com/deniswernert/udev"
  packages = ["."]
  revision = "82fe5be8ca5f7d8255cc838723687f61bb175120"

[[projects]]
  name = "github.com/docker/docker"
  packages = ["api/types/filters","api/types/mount","api/types/swarm","api/types/versions","opts","pkg/archive","pkg/fileutils","pkg/homedir","pkg/idtools","pkg/ioutils","pkg/jsonlog","pkg/jsonmessage","pkg/longpath","pkg/pools","pkg/promise","pkg/stdcopy","pkg/system","pkg/term","pkg/term/windows"]
  revision = "1dbf3c65e15a2d021cc15ded9caaf6192d58970b"

[[projects]]
  name = "github.com/docker/go-units"
  packages = ["."]
  revision = "f2145db703495b2e525c59662db69a7344b00bb8"

[[projects]]
  name = "github.com/fsouza/go-dockerclient"
  packages = ["."]
  revision = "98edf3edfae6a6500fecc69d2bcccf1302544004"

[[projects]]
  name = "github.com/go-ini/ini"
  packages = ["."]
  revision = "060d7da055ba6ec5ea7a31f116332fe5efa04ce0"

[[projects]]
  name = "github.com/godbus/dbus"
  packages = ["."]
  revision = "37252881b3a87eaa2eb04b0ff2211f54f45199ab"

[[projects]]
  name = "github.com/golang/mock"
  packages = ["gomock"]
  revision = "bd3c8e81be01eef76d4b503f5e687d2d1354d2d9"

[[projects]]
  name = "github.com/gorilla/websocket"
  packages = ["."]
  revision = "0868951cdb8e69bc42df4598bdc6164ff2f1a072"

[[projects]]
  name = "github.com/jmespath/go-jmespath"
  packages = ["."]
  revision = "53d419364047eb08a64c29471db23c60ea585b85"
  version = "0.2.1"

[[projects]]
  name = "github.com/opencontainers/runc"
  packages = ["libcontainer/system","libcontainer/user"]
  revision = "2940d2e2e9365b4b3fec8ae24822435195f56b61"

[[projects]]
  name = "github.com/opencontainers/runtime-spec"
  packages = ["specs-go"]
  revision = "d349388c43b01b2ea695965ae561b5bddb81318f"

[[projects]]
  name = "github.com/pborman/uuid"
  packages = ["."]
  revision = "ca53cad383cad2479bbba7f7a1a05797ec1386e4"

[[projects]]
  name = "github.com/pkg/errors"
  packages = ["."]
  revision = "c605e284fe17294bda444b34710735b29d1a9d90"

[[projects]]
  name = "github.com/pmezard/go-difflib"
  packages = ["difflib"]
  revision = "792786c7400a136282c1664665ae0a8db921c6c2"
  version = "v1.0.0"

[[projects]]
  name = "github.com/stretchr/testify"
  packages = ["assert","require","suite"]
  revision = "d77da356e56a7428ad25149ca77381849a6a5232"

[[projects]]
  name = "github.com/vishvananda/netlink"
  packages = [".","nl"]
  revision = "fe3b5664d23a11b52ba59bece4ff29c52772a56b"

[[projects]]
  name = "github.com/vishvananda/netns"
  packages = ["."]
  revision = "54f0e4339ce73702a0607f49922aaa1e749b418d"

[[projects]]
  name = "golang.org/x/net"
  packages = ["context","context/ctxhttp","html","html/atom"]
  revision = "6c23252515492caf9b228a9d5cabcdbde29f7f82"

[[projects]]
  name = "golang.org/x/sys"
  packages = ["unix","windows","windows/registry"]
  revision = "afadfcc7779c1f4db0f6f6438afcb108d9c9c7cd"

[[projects]]
  name = "golang.org/x/tools"
  packages = ["go/ast/astutil","imports"]
  revision = "d63e2b22b05a9682de336cd4802bba367ed429e7"

[solve-meta]
  analyzer-name = "dep"
  analyzer-version = 1
  inputs-digest = "7622bf3f939a3ea183688145cbae7aee8a0513f27191096a17be1956d727ea36"
  solver-name = "gps-cdcl"
  solver-version = 1
